
Microsoft Visual Studio Solution File, Format Version 12.00
# Visual Studio Version 16
VisualStudioVersion = 16.0.33214.272
MinimumVisualStudioVersion = 10.0.40219.1
Project("{FAE04EC0-301F-11D3-BF4B-00C04F79EFBC}") = "GestorDeEstoque", "GestorDeEstoque\GestorDeEstoque.csproj", "{5ADB0A58-3986-4A58-A458-AFB40C5D4083}"
EndProject
Global
	GlobalSection(SolutionConfigurationPlatforms) = preSolution
		Debug|Any CPU = Debug|Any CPU
		Release|Any CPU = Release|Any CPU
	EndGlobalSection
	GlobalSection(ProjectConfigurationPlatforms) = postSolution
		{5ADB0A58-3986-4A58-A458-AFB40C5D4083}.Debug|Any CPU.ActiveCfg = Debug|Any CPU
		{5ADB0A58-3986-4A58-A458-AFB40C5D4083}.Debug|Any CPU.Build.0 = Debug|Any CPU
		{5ADB0A58-3986-4A58-A458-AFB40C5D4083}.Release|Any CPU.ActiveCfg = Release|Any CPU
		{5ADB0A58-3986-4A58-A458-AFB40C5D4083}.Release|Any CPU.Build.0 = Release|Any CPU
	EndGlobalSection
	GlobalSection(SolutionProperties) = preSolution
		HideSolutionNode = FALSE
	EndGlobalSection
	GlobalSection(ExtensibilityGlobals) = postSolution
		SolutionGuid = {7EB09018-973D-43FF-B248-FBA49C4B8EC1}
	EndGlobalSection
EndGlobal
